
Microsoft Visual Studio Solution File, Format Version 12.00
# Visual Studio Version 17
VisualStudioVersion = 17.1.32210.238
MinimumVisualStudioVersion = 10.0.40219.1
Project("{9A19103F-16F7-4668-BE54-9A1E7A4F7556}") = "BookReview", "BookReview\BookReview.csproj", "{694894B0-7680-4A42-948E-CBFD400E9F69}"
EndProject
Project("{FAE04EC0-301F-11D3-BF4B-00C04F79EFBC}") = "BookReview.ClassLibrary", "BookReview.ClassLibrary\BookReview.ClassLibrary.csproj", "{C5B72317-E47B-417C-894A-C61E3C429D12}"
EndProject
Global
	GlobalSection(SolutionConfigurationPlatforms) = preSolution
		Debug|Any CPU = Debug|Any CPU
		Release|Any CPU = Release|Any CPU
	EndGlobalSection
	GlobalSection(ProjectConfigurationPlatforms) = postSolution
		{694894B0-7680-4A42-948E-CBFD400E9F69}.Debug|Any CPU.ActiveCfg = Debug|Any CPU
		{694894B0-7680-4A42-948E-CBFD400E9F69}.Debug|Any CPU.Build.0 = Debug|Any CPU
		{694894B0-7680-4A42-948E-CBFD400E9F69}.Release|Any CPU.ActiveCfg = Release|Any CPU
		{694894B0-7680-4A42-948E-CBFD400E9F69}.Release|Any CPU.Build.0 = Release|Any CPU
		{C5B72317-E47B-417C-894A-C61E3C429D12}.Debug|Any CPU.ActiveCfg = Debug|Any CPU
		{C5B72317-E47B-417C-894A-C61E3C429D12}.Debug|Any CPU.Build.0 = Debug|Any CPU
		{C5B72317-E47B-417C-894A-C61E3C429D12}.Release|Any CPU.ActiveCfg = Release|Any CPU
		{C5B72317-E47B-417C-894A-C61E3C429D12}.Release|Any CPU.Build.0 = Release|Any CPU
	EndGlobalSection
	GlobalSection(SolutionProperties) = preSolution
		HideSolutionNode = FALSE
	EndGlobalSection
	GlobalSection(ExtensibilityGlobals) = postSolution
		SolutionGuid = {A203390B-ED3C-4AA2-982D-B8A8560F6A96}
	EndGlobalSection
EndGlobal
